
Microsoft Visual Studio Solution File, Format Version 12.00
# Visual Studio Version 17
VisualStudioVersion = 17.11.35312.102
MinimumVisualStudioVersion = 10.0.40219.1
Project("{FAE04EC0-301F-11D3-BF4B-00C04F79EFBC}") = "SampleConsoleApp", "SampleConsoleApp.csproj", "{489A2240-585C-4FCD-ABAE-45B6A8EE7EF8}"
EndProject
Global
	GlobalSection(SolutionConfigurationPlatforms) = preSolution
		Debug|Any CPU = Debug|Any CPU
		Release|Any CPU = Release|Any CPU
	EndGlobalSection
	GlobalSection(ProjectConfigurationPlatforms) = postSolution
		{489A2240-585C-4FCD-ABAE-45B6A8EE7EF8}.Debug|Any CPU.ActiveCfg = Debug|Any CPU
		{489A2240-585C-4FCD-ABAE-45B6A8EE7EF8}.Debug|Any CPU.Build.0 = Debug|Any CPU
		{489A2240-585C-4FCD-ABAE-45B6A8EE7EF8}.Release|Any CPU.ActiveCfg = Release|Any CPU
		{489A2240-585C-4FCD-ABAE-45B6A8EE7EF8}.Release|Any CPU.Build.0 = Release|Any CPU
	EndGlobalSection
	GlobalSection(SolutionProperties) = preSolution
		HideSolutionNode = FALSE
	EndGlobalSection
	GlobalSection(ExtensibilityGlobals) = postSolution
		SolutionGuid = {BD442991-7E32-43CE-AABC-683288615AF1}
	EndGlobalSection
EndGlobal
